// !$*UTF8*$!
{
	archiveVersion = 1;
	classes = {
	};
	objectVersion = 46;
	objects = {

/* Begin PBXBuildFile section */
		8434597D1E8A8124008ADCB9 /* AppDelegate.swift in Sources */ = {isa = PBXBuildFile; fileRef = 8434597C1E8A8124008ADCB9 /* AppDelegate.swift */; };
		8434597F1E8A8124008ADCB9 /* ViewController.swift in Sources */ = {isa = PBXBuildFile; fileRef = 8434597E1E8A8124008ADCB9 /* ViewController.swift */; };
		843459821E8A8124008ADCB9 /* Main.storyboard in Resources */ = {isa = PBXBuildFile; fileRef = 843459801E8A8124008ADCB9 /* Main.storyboard */; };
		843459851E8A8124008ADCB9 /* _32817vocabulary.xcdatamodeld in Sources */ = {isa = PBXBuildFile; fileRef = 843459831E8A8124008ADCB9 /* _32817vocabulary.xcdatamodeld */; };
		843459871E8A8124008ADCB9 /* Assets.xcassets in Resources */ = {isa = PBXBuildFile; fileRef = 843459861E8A8124008ADCB9 /* Assets.xcassets */; };
		8434598A1E8A8124008ADCB9 /* LaunchScreen.storyboard in Resources */ = {isa = PBXBuildFile; fileRef = 843459881E8A8124008ADCB9 /* LaunchScreen.storyboard */; };
		843459921E8A8C4F008ADCB9 /* EngViewController.swift in Sources */ = {isa = PBXBuildFile; fileRef = 843459911E8A8C4F008ADCB9 /* EngViewController.swift */; };
		843459941E8A9801008ADCB9 /* AtoZViewController.swift in Sources */ = {isa = PBXBuildFile; fileRef = 843459931E8A9801008ADCB9 /* AtoZViewController.swift */; };
		843C36A61E9CF2D2004BAD6F /* A.txt in Resources */ = {isa = PBXBuildFile; fileRef = 843C368C1E9CF2D2004BAD6F /* A.txt */; };
		843C36A71E9CF2D2004BAD6F /* B.txt in Resources */ = {isa = PBXBuildFile; fileRef = 843C368D1E9CF2D2004BAD6F /* B.txt */; };
		843C36A81E9CF2D2004BAD6F /* C.txt in Resources */ = {isa = PBXBuildFile; fileRef = 843C368E1E9CF2D2004BAD6F /* C.txt */; };
		843C36A91E9CF2D2004BAD6F /* D.txt in Resources */ = {isa = PBXBuildFile; fileRef = 843C368F1E9CF2D2004BAD6F /* D.txt */; };
		843C36AA1E9CF2D2004BAD6F /* E.txt in Resources */ = {isa = PBXBuildFile; fileRef = 843C36901E9CF2D2004BAD6F /* E.txt */; };
		843C36AB1E9CF2D2004BAD6F /* F.txt in Resources */ = {isa = PBXBuildFile; fileRef = 843C36911E9CF2D2004BAD6F /* F.txt */; };
		843C36AC1E9CF2D2004BAD6F /* G.txt in Resources */ = {isa = PBXBuildFile; fileRef = 843C36921E9CF2D2004BAD6F /* G.txt */; };
		843C36AD1E9CF2D2004BAD6F /* H.txt in Resources */ = {isa = PBXBuildFile; fileRef = 843C36931E9CF2D2004BAD6F /* H.txt */; };
		843C36AE1E9CF2D2004BAD6F /* I.txt in Resources */ = {isa = PBXBuildFile; fileRef = 843C36941E9CF2D2004BAD6F /* I.txt */; };
		843C36AF1E9CF2D2004BAD6F /* J.txt in Resources */ = {isa = PBXBuildFile; fileRef = 843C36951E9CF2D2004BAD6F /* J.txt */; };
		843C36B01E9CF2D2004BAD6F /* K.txt in Resources */ = {isa = PBXBuildFile; fileRef = 843C36961E9CF2D2004BAD6F /* K.txt */; };
		843C36B11E9CF2D2004BAD6F /* L.txt in Resources */ = {isa = PBXBuildFile; fileRef = 843C36971E9CF2D2004BAD6F /* L.txt */; };
		843C36B21E9CF2D2004BAD6F /* M.txt in Resources */ = {isa = PBXBuildFile; fileRef = 843C36981E9CF2D2004BAD6F /* M.txt */; };
		843C36B31E9CF2D2004BAD6F /* X.txt in Resources */ = {isa = PBXBuildFile; fileRef = 843C36991E9CF2D2004BAD6F /* X.txt */; };
		843C36B41E9CF2D2004BAD6F /* N.txt in Resources */ = {isa = PBXBuildFile; fileRef = 843C369A1E9CF2D2004BAD6F /* N.txt */; };
		843C36B51E9CF2D2004BAD6F /* O.txt in Resources */ = {isa = PBXBuildFile; fileRef = 843C369B1E9CF2D2004BAD6F /* O.txt */; };
		843C36B61E9CF2D2004BAD6F /* P.txt in Resources */ = {isa = PBXBuildFile; fileRef = 843C369C1E9CF2D2004BAD6F /* P.txt */; };
		843C36B71E9CF2D2004BAD6F /* Q.txt in Resources */ = {isa = PBXBuildFile; fileRef = 843C369D1E9CF2D2004BAD6F /* Q.txt */; };
		843C36B81E9CF2D2004BAD6F /* R.txt in Resources */ = {isa = PBXBuildFile; fileRef = 843C369E1E9CF2D2004BAD6F /* R.txt */; };
		843C36B91E9CF2D2004BAD6F /* S.txt in Resources */ = {isa = PBXBuildFile; fileRef = 843C369F1E9CF2D2004BAD6F /* S.txt */; };
		843C36BA1E9CF2D2004BAD6F /* T.txt in Resources */ = {isa = PBXBuildFile; fileRef = 843C36A01E9CF2D2004BAD6F /* T.txt */; };
		843C36BB1E9CF2D2004BAD6F /* U.txt in Resources */ = {isa = PBXBuildFile; fileRef = 843C36A11E9CF2D2004BAD6F /* U.txt */; };
		843C36BC1E9CF2D2004BAD6F /* V.txt in Resources */ = {isa = PBXBuildFile; fileRef = 843C36A21E9CF2D2004BAD6F /* V.txt */; };
		843C36BD1E9CF2D2004BAD6F /* W.txt in Resources */ = {isa = PBXBuildFile; fileRef = 843C36A31E9CF2D2004BAD6F /* W.txt */; };
		843C36BE1E9CF2D2004BAD6F /* Y.txt in Resources */ = {isa = PBXBuildFile; fileRef = 843C36A41E9CF2D2004BAD6F /* Y.txt */; };
		843C36BF1E9CF2D2004BAD6F /* Z.txt in Resources */ = {isa = PBXBuildFile; fileRef = 843C36A51E9CF2D2004BAD6F /* Z.txt */; };
/* End PBXBuildFile section */

/* Begin PBXFileReference section */
		843459791E8A8124008ADCB9 /* 032817vocabulary.app */ = {isa = PBXFileReference; explicitFileType = wrapper.application; includeInIndex = 0; path = 032817vocabulary.app; sourceTree = BUILT_PRODUCTS_DIR; };
		8434597C1E8A8124008ADCB9 /* AppDelegate.swift */ = {isa = PBXFileReference; lastKnownFileType = sourcecode.swift; path = AppDelegate.swift; sourceTree = "<group>"; };
		8434597E1E8A8124008ADCB9 /* ViewController.swift */ = {isa = PBXFileReference; lastKnownFileType = sourcecode.swift; path = ViewController.swift; sourceTree = "<group>"; };
		843459811E8A8124008ADCB9 /* Base */ = {isa = PBXFileReference; lastKnownFileType = file.storyboard; name = Base; path = Base.lproj/Main.storyboard; sourceTree = "<group>"; };
		843459841E8A8124008ADCB9 /* _32817vocabulary.xcdatamodel */ = {isa = PBXFileReference; lastKnownFileType = wrapper.xcdatamodel; path = _32817vocabulary.xcdatamodel; sourceTree = "<group>"; };
		843459861E8A8124008ADCB9 /* Assets.xcassets */ = {isa = PBXFileReference; lastKnownFileType = folder.assetcatalog; path = Assets.xcassets; sourceTree = "<group>"; };
		843459891E8A8124008ADCB9 /* Base */ = {isa = PBXFileReference; lastKnownFileType = file.storyboard; name = Base; path = Base.lproj/LaunchScreen.storyboard; sourceTree = "<group>"; };
		8434598B1E8A8124008ADCB9 /* Info.plist */ = {isa = PBXFileReference; lastKnownFileType = text.plist.xml; path = Info.plist; sourceTree = "<group>"; };
		843459911E8A8C4F008ADCB9 /* EngViewController.swift */ = {isa = PBXFileReference; fileEncoding = 4; lastKnownFileType = sourcecode.swift; path = EngViewController.swift; sourceTree = "<group>"; };
		843459931E8A9801008ADCB9 /* AtoZViewController.swift */ = {isa = PBXFileReference; fileEncoding = 4; lastKnownFileType = sourcecode.swift; path = AtoZViewController.swift; sourceTree = "<group>"; };
		843C368C1E9CF2D2004BAD6F /* A.txt */ = {isa = PBXFileReference; fileEncoding = 4; lastKnownFileType = text; path = A.txt; sourceTree = "<group>"; };
		843C368D1E9CF2D2004BAD6F /* B.txt */ = {isa = PBXFileReference; fileEncoding = 4; lastKnownFileType = text; path = B.txt; sourceTree = "<group>"; };
		843C368E1E9CF2D2004BAD6F /* C.txt */ = {isa = PBXFileReference; fileEncoding = 4; lastKnownFileType = text; path = C.txt; sourceTree = "<group>"; };
		843C368F1E9CF2D2004BAD6F /* D.txt */ = {isa = PBXFileReference; fileEncoding = 4; lastKnownFileType = text; path = D.txt; sourceTree = "<group>"; };
		843C36901E9CF2D2004BAD6F /* E.txt */ = {isa = PBXFileReference; fileEncoding = 4; lastKnownFileType = text; path = E.txt; sourceTree = "<group>"; };
		843C36911E9CF2D2004BAD6F /* F.txt */ = {isa = PBXFileReference; fileEncoding = 4; lastKnownFileType = text; path = F.txt; sourceTree = "<group>"; };
		843C36921E9CF2D2004BAD6F /* G.txt */ = {isa = PBXFileReference; fileEncoding = 4; lastKnownFileType = text; path = G.txt; sourceTree = "<group>"; };
		843C36931E9CF2D2004BAD6F /* H.txt */ = {isa = PBXFileReference; fileEncoding = 4; lastKnownFileType = text; path = H.txt; sourceTree = "<group>"; };
		843C36941E9CF2D2004BAD6F /* I.txt */ = {isa = PBXFileReference; fileEncoding = 4; lastKnownFileType = text; path = I.txt; sourceTree = "<group>"; };
		843C36951E9CF2D2004BAD6F /* J.txt */ = {isa = PBXFileReference; fileEncoding = 4; lastKnownFileType = text; path = J.txt; sourceTree = "<group>"; };
		843C36961E9CF2D2004BAD6F /* K.txt */ = {isa = PBXFileReference; fileEncoding = 4; lastKnownFileType = text; path = K.txt; sourceTree = "<group>"; };
		843C36971E9CF2D2004BAD6F /* L.txt */ = {isa = PBXFileReference; fileEncoding = 4; lastKnownFileType = text; path = L.txt; sourceTree = "<group>"; };
		843C36981E9CF2D2004BAD6F /* M.txt */ = {isa = PBXFileReference; fileEncoding = 4; lastKnownFileType = text; path = M.txt; sourceTree = "<group>"; };
		843C36991E9CF2D2004BAD6F /* X.txt */ = {isa = PBXFileReference; fileEncoding = 4; lastKnownFileType = text; path = X.txt; sourceTree = "<group>"; };
		843C369A1E9CF2D2004BAD6F /* N.txt */ = {isa = PBXFileReference; fileEncoding = 4; lastKnownFileType = text; path = N.txt; sourceTree = "<group>"; };
		843C369B1E9CF2D2004BAD6F /* O.txt */ = {isa = PBXFileReference; fileEncoding = 4; lastKnownFileType = text; path = O.txt; sourceTree = "<group>"; };
		843C369C1E9CF2D2004BAD6F /* P.txt */ = {isa = PBXFileReference; fileEncoding = 4; lastKnownFileType = text; path = P.txt; sourceTree = "<group>"; };
		843C369D1E9CF2D2004BAD6F /* Q.txt */ = {isa = PBXFileReference; fileEncoding = 4; lastKnownFileType = text; path = Q.txt; sourceTree = "<group>"; };
		843C369E1E9CF2D2004BAD6F /* R.txt */ = {isa = PBXFileReference; fileEncoding = 4; lastKnownFileType = text; path = R.txt; sourceTree = "<group>"; };
		843C369F1E9CF2D2004BAD6F /* S.txt */ = {isa = PBXFileReference; fileEncoding = 4; lastKnownFileType = text; path = S.txt; sourceTree = "<group>"; };
		843C36A01E9CF2D2004BAD6F /* T.txt */ = {isa = PBXFileReference; fileEncoding = 4; lastKnownFileType = text; path = T.txt; sourceTree = "<group>"; };
		843C36A11E9CF2D2004BAD6F /* U.txt */ = {isa = PBXFileReference; fileEncoding = 4; lastKnownFileType = text; path = U.txt; sourceTree = "<group>"; };
		843C36A21E9CF2D2004BAD6F /* V.txt */ = {isa = PBXFileReference; fileEncoding = 4; lastKnownFileType = text; path = V.txt; sourceTree = "<group>"; };
		843C36A31E9CF2D2004BAD6F /* W.txt */ = {isa = PBXFileReference; fileEncoding = 4; lastKnownFileType = text; path = W.txt; sourceTree = "<group>"; };
		843C36A41E9CF2D2004BAD6F /* Y.txt */ = {isa = PBXFileReference; fileEncoding = 4; lastKnownFileType = text; path = Y.txt; sourceTree = "<group>"; };
		843C36A51E9CF2D2004BAD6F /* Z.txt */ = {isa = PBXFileReference; fileEncoding = 4; lastKnownFileType = text; path = Z.txt; sourceTree = "<group>"; };
/* End PBXFileReference section */

/* Begin PBXFrameworksBuildPhase section */
		843459761E8A8124008ADCB9 /* Frameworks */ = {
			isa = PBXFrameworksBuildPhase;
			buildActionMask = 2147483647;
			files = (
			);
			runOnlyForDeploymentPostprocessing = 0;
		};
/* End PBXFrameworksBuildPhase section */

/* Begin PBXGroup section */
		843459701E8A8124008ADCB9 = {
			isa = PBXGroup;
			children = (
				8434597B1E8A8124008ADCB9 /* 032817vocabulary */,
				8434597A1E8A8124008ADCB9 /* Products */,
			);
			sourceTree = "<group>";
		};
		8434597A1E8A8124008ADCB9 /* Products */ = {
			isa = PBXGroup;
			children = (
				843459791E8A8124008ADCB9 /* 032817vocabulary.app */,
			);
			name = Products;
			sourceTree = "<group>";
		};
		8434597B1E8A8124008ADCB9 /* 032817vocabulary */ = {
			isa = PBXGroup;
			children = (
				8434597C1E8A8124008ADCB9 /* AppDelegate.swift */,
				8434597E1E8A8124008ADCB9 /* ViewController.swift */,
				843459801E8A8124008ADCB9 /* Main.storyboard */,
				843459931E8A9801008ADCB9 /* AtoZViewController.swift */,
				843459911E8A8C4F008ADCB9 /* EngViewController.swift */,
				843459861E8A8124008ADCB9 /* Assets.xcassets */,
				843459881E8A8124008ADCB9 /* LaunchScreen.storyboard */,
				8434598B1E8A8124008ADCB9 /* Info.plist */,
				843459831E8A8124008ADCB9 /* _32817vocabulary.xcdatamodeld */,
				843C368C1E9CF2D2004BAD6F /* A.txt */,
				843C368D1E9CF2D2004BAD6F /* B.txt */,
				843C368E1E9CF2D2004BAD6F /* C.txt */,
				843C368F1E9CF2D2004BAD6F /* D.txt */,
				843C36901E9CF2D2004BAD6F /* E.txt */,
				843C36911E9CF2D2004BAD6F /* F.txt */,
				843C36921E9CF2D2004BAD6F /* G.txt */,
				843C36931E9CF2D2004BAD6F /* H.txt */,
				843C36941E9CF2D2004BAD6F /* I.txt */,
				843C36951E9CF2D2004BAD6F /* J.txt */,
				843C36961E9CF2D2004BAD6F /* K.txt */,
				843C36971E9CF2D2004BAD6F /* L.txt */,
				843C36981E9CF2D2004BAD6F /* M.txt */,
				843C36991E9CF2D2004BAD6F /* X.txt */,
				843C369A1E9CF2D2004BAD6F /* N.txt */,
				843C369B1E9CF2D2004BAD6F /* O.txt */,
				843C369C1E9CF2D2004BAD6F /* P.txt */,
				843C369D1E9CF2D2004BAD6F /* Q.txt */,
				843C369E1E9CF2D2004BAD6F /* R.txt */,
				843C369F1E9CF2D2004BAD6F /* S.txt */,
				843C36A01E9CF2D2004BAD6F /* T.txt */,
				843C36A11E9CF2D2004BAD6F /* U.txt */,
				843C36A21E9CF2D2004BAD6F /* V.txt */,
				843C36A31E9CF2D2004BAD6F /* W.txt */,
				843C36A41E9CF2D2004BAD6F /* Y.txt */,
				843C36A51E9CF2D2004BAD6F /* Z.txt */,
			);
			path = 032817vocabulary;
			sourceTree = "<group>";
		};
/* End PBXGroup section */

/* Begin PBXNativeTarget section */
		843459781E8A8124008ADCB9 /* 032817vocabulary */ = {
			isa = PBXNativeTarget;
			buildConfigurationList = 8434598E1E8A8124008ADCB9 /* Build configuration list for PBXNativeTarget "032817vocabulary" */;
			buildPhases = (
				843459751E8A8124008ADCB9 /* Sources */,
				843459761E8A8124008ADCB9 /* Frameworks */,
				843459771E8A8124008ADCB9 /* Resources */,
			);
			buildRules = (
			);
			dependencies = (
			);
			name = 032817vocabulary;
			productName = 032817vocabulary;
			productReference = 843459791E8A8124008ADCB9 /* 032817vocabulary.app */;
			productType = "com.apple.product-type.application";
		};
/* End PBXNativeTarget section */

/* Begin PBXProject section */
		843459711E8A8124008ADCB9 /* Project object */ = {
			isa = PBXProject;
			attributes = {
				LastSwiftUpdateCheck = 0820;
				LastUpgradeCheck = 0820;
				ORGANIZATIONNAME = Admin;
				TargetAttributes = {
					843459781E8A8124008ADCB9 = {
						CreatedOnToolsVersion = 8.2.1;
						ProvisioningStyle = Automatic;
					};
				};
			};
			buildConfigurationList = 843459741E8A8124008ADCB9 /* Build configuration list for PBXProject "032817vocabulary" */;
			compatibilityVersion = "Xcode 3.2";
			developmentRegion = English;
			hasScannedForEncodings = 0;
			knownRegions = (
				en,
				Base,
			);
			mainGroup = 843459701E8A8124008ADCB9;
			productRefGroup = 8434597A1E8A8124008ADCB9 /* Products */;
			projectDirPath = "";
			projectRoot = "";
			targets = (
				843459781E8A8124008ADCB9 /* 032817vocabulary */,
			);
		};
/* End PBXProject section */

/* Begin PBXResourcesBuildPhase section */
		843459771E8A8124008ADCB9 /* Resources */ = {
			isa = PBXResourcesBuildPhase;
			buildActionMask = 2147483647;
			files = (
				843C36B71E9CF2D2004BAD6F /* Q.txt in Resources */,
				843C36B21E9CF2D2004BAD6F /* M.txt in Resources */,
				843C36B91E9CF2D2004BAD6F /* S.txt in Resources */,
				843C36B51E9CF2D2004BAD6F /* O.txt in Resources */,
				843C36AF1E9CF2D2004BAD6F /* J.txt in Resources */,
				843C36BC1E9CF2D2004BAD6F /* V.txt in Resources */,
				843C36AE1E9CF2D2004BAD6F /* I.txt in Resources */,
				843C36AD1E9CF2D2004BAD6F /* H.txt in Resources */,
				843C36AA1E9CF2D2004BAD6F /* E.txt in Resources */,
				843C36A81E9CF2D2004BAD6F /* C.txt in Resources */,
				843C36AC1E9CF2D2004BAD6F /* G.txt in Resources */,
				843C36A61E9CF2D2004BAD6F /* A.txt in Resources */,
				843C36B31E9CF2D2004BAD6F /* X.txt in Resources */,
				843C36B81E9CF2D2004BAD6F /* R.txt in Resources */,
				843C36B41E9CF2D2004BAD6F /* N.txt in Resources */,
				8434598A1E8A8124008ADCB9 /* LaunchScreen.storyboard in Resources */,
				843C36BA1E9CF2D2004BAD6F /* T.txt in Resources */,
				843C36BF1E9CF2D2004BAD6F /* Z.txt in Resources */,
				843C36A91E9CF2D2004BAD6F /* D.txt in Resources */,
				843C36BD1E9CF2D2004BAD6F /* W.txt in Resources */,
				843C36A71E9CF2D2004BAD6F /* B.txt in Resources */,
				843C36B01E9CF2D2004BAD6F /* K.txt in Resources */,
				843C36AB1E9CF2D2004BAD6F /* F.txt in Resources */,
				843C36B11E9CF2D2004BAD6F /* L.txt in Resources */,
				843459871E8A8124008ADCB9 /* Assets.xcassets in Resources */,
				843C36BE1E9CF2D2004BAD6F /* Y.txt in Resources */,
				843459821E8A8124008ADCB9 /* Main.storyboard in Resources */,
				843C36B61E9CF2D2004BAD6F /* P.txt in Resources */,
				843C36BB1E9CF2D2004BAD6F /* U.txt in Resources */,
			);
			runOnlyForDeploymentPostprocessing = 0;
		};
/* End PBXResourcesBuildPhase section */

/* Begin PBXSourcesBuildPhase section */
		843459751E8A8124008ADCB9 /* Sources */ = {
			isa = PBXSourcesBuildPhase;
			buildActionMask = 2147483647;
			files = (
				8434597F1E8A8124008ADCB9 /* ViewController.swift in Sources */,
				843459851E8A8124008ADCB9 /* _32817vocabulary.xcdatamodeld in Sources */,
				8434597D1E8A8124008ADCB9 /* AppDelegate.swift in Sources */,
				843459921E8A8C4F008ADCB9 /* EngViewController.swift in Sources */,
				843459941E8A9801008ADCB9 /* AtoZViewController.swift in Sources */,
			);
			runOnlyForDeploymentPostprocessing = 0;
		};
/* End PBXSourcesBuildPhase section */

/* Begin PBXVariantGroup section */
		843459801E8A8124008ADCB9 /* Main.storyboard */ = {
			isa = PBXVariantGroup;
			children = (
				843459811E8A8124008ADCB9 /* Base */,
			);
			name = Main.storyboard;
			sourceTree = "<group>";
		};
		843459881E8A8124008ADCB9 /* LaunchScreen.storyboard */ = {
			isa = PBXVariantGroup;
			children = (
				843459891E8A8124008ADCB9 /* Base */,
			);
			name = LaunchScreen.storyboard;
			sourceTree = "<group>";
		};
/* End PBXVariantGroup section */

/* Begin XCBuildConfiguration section */
		8434598C1E8A8124008ADCB9 /* Debug */ = {
			isa = XCBuildConfiguration;
			buildSettings = {
				ALWAYS_SEARCH_USER_PATHS = NO;
				CLANG_ANALYZER_NONNULL = YES;
				CLANG_CXX_LANGUAGE_STANDARD = "gnu++0x";
				CLANG_CXX_LIBRARY = "libc++";
				CLANG_ENABLE_MODULES = YES;
				CLANG_ENABLE_OBJC_ARC = YES;
				CLANG_WARN_BOOL_CONVERSION = YES;
				CLANG_WARN_CONSTANT_CONVERSION = YES;
				CLANG_WARN_DIRECT_OBJC_ISA_USAGE = YES_ERROR;
				CLANG_WARN_DOCUMENTATION_COMMENTS = YES;
				CLANG_WARN_EMPTY_BODY = YES;
				CLANG_WARN_ENUM_CONVERSION = YES;
				CLANG_WARN_INFINITE_RECURSION = YES;
				CLANG_WARN_INT_CONVERSION = YES;
				CLANG_WARN_OBJC_ROOT_CLASS = YES_ERROR;
				CLANG_WARN_SUSPICIOUS_MOVE = YES;
				CLANG_WARN_UNREACHABLE_CODE = YES;
				CLANG_WARN__DUPLICATE_METHOD_MATCH = YES;
				"CODE_SIGN_IDENTITY[sdk=iphoneos*]" = "iPhone Developer";
				COPY_PHASE_STRIP = NO;
				DEBUG_INFORMATION_FORMAT = dwarf;
				ENABLE_STRICT_OBJC_MSGSEND = YES;
				ENABLE_TESTABILITY = YES;
				GCC_C_LANGUAGE_STANDARD = gnu99;
				GCC_DYNAMIC_NO_PIC = NO;
				GCC_NO_COMMON_BLOCKS = YES;
				GCC_OPTIMIZATION_LEVEL = 0;
				GCC_PREPROCESSOR_DEFINITIONS = (
					"DEBUG=1",
					"$(inherited)",
				);
				GCC_WARN_64_TO_32_BIT_CONVERSION = YES;
				GCC_WARN_ABOUT_RETURN_TYPE = YES_ERROR;
				GCC_WARN_UNDECLARED_SELECTOR = YES;
				GCC_WARN_UNINITIALIZED_AUTOS = YES_AGGRESSIVE;
				GCC_WARN_UNUSED_FUNCTION = YES;
				GCC_WARN_UNUSED_VARIABLE = YES;
				IPHONEOS_DEPLOYMENT_TARGET = 10.2;
				MTL_ENABLE_DEBUG_INFO = YES;
				ONLY_ACTIVE_ARCH = YES;
				SDKROOT = iphoneos;
				SWIFT_ACTIVE_COMPILATION_CONDITIONS = DEBUG;
				SWIFT_OPTIMIZATION_LEVEL = "-Onone";
			};
			name = Debug;
		};
		8434598D1E8A8124008ADCB9 /* Release */ = {
			isa = XCBuildConfiguration;
			buildSettings = {
				ALWAYS_SEARCH_USER_PATHS = NO;
				CLANG_ANALYZER_NONNULL = YES;
				CLANG_CXX_LANGUAGE_STANDARD = "gnu++0x";
				CLANG_CXX_LIBRARY = "libc++";
				CLANG_ENABLE_MODULES = YES;
				CLANG_ENABLE_OBJC_ARC = YES;
				CLANG_WARN_BOOL_CONVERSION = YES;
				CLANG_WARN_CONSTANT_CONVERSION = YES;
				CLANG_WARN_DIRECT_OBJC_ISA_USAGE = YES_ERROR;
				CLANG_WARN_DOCUMENTATION_COMMENTS = YES;
				CLANG_WARN_EMPTY_BODY = YES;
				CLANG_WARN_ENUM_CONVERSION = YES;
				CLANG_WARN_INFINITE_RECURSION = YES;
				CLANG_WARN_INT_CONVERSION = YES;
				CLANG_WARN_OBJC_ROOT_CLASS = YES_ERROR;
				CLANG_WARN_SUSPICIOUS_MOVE = YES;
				CLANG_WARN_UNREACHABLE_CODE = YES;
				CLANG_WARN__DUPLICATE_METHOD_MATCH = YES;
				"CODE_SIGN_IDENTITY[sdk=iphoneos*]" = "iPhone Developer";
				COPY_PHASE_STRIP = NO;
				DEBUG_INFORMATION_FORMAT = "dwarf-with-dsym";
				ENABLE_NS_ASSERTIONS = NO;
				ENABLE_STRICT_OBJC_MSGSEND = YES;
				GCC_C_LANGUAGE_STANDARD = gnu99;
				GCC_NO_COMMON_BLOCKS = YES;
				GCC_WARN_64_TO_32_BIT_CONVERSION = YES;
				GCC_WARN_ABOUT_RETURN_TYPE = YES_ERROR;
				GCC_WARN_UNDECLARED_SELECTOR = YES;
				GCC_WARN_UNINITIALIZED_AUTOS = YES_AGGRESSIVE;
				GCC_WARN_UNUSED_FUNCTION = YES;
				GCC_WARN_UNUSED_VARIABLE = YES;
				IPHONEOS_DEPLOYMENT_TARGET = 10.2;
				MTL_ENABLE_DEBUG_INFO = NO;
				SDKROOT = iphoneos;
				SWIFT_OPTIMIZATION_LEVEL = "-Owholemodule";
				VALIDATE_PRODUCT = YES;
			};
			name = Release;
		};
		8434598F1E8A8124008ADCB9 /* Debug */ = {
			isa = XCBuildConfiguration;
			buildSettings = {
				ASSETCATALOG_COMPILER_APPICON_NAME = AppIcon;
				INFOPLIST_FILE = 032817vocabulary/Info.plist;
				LD_RUNPATH_SEARCH_PATHS = "$(inherited) @executable_path/Frameworks";
				PRODUCT_BUNDLE_IDENTIFIER = "com.paggieli.-32817vocabulary";
				PRODUCT_NAME = "$(TARGET_NAME)";
				SWIFT_VERSION = 3.0;
			};
			name = Debug;
		};
		843459901E8A8124008ADCB9 /* Release */ = {
			isa = XCBuildConfiguration;
			buildSettings = {
				ASSETCATALOG_COMPILER_APPICON_NAME = AppIcon;
				INFOPLIST_FILE = 032817vocabulary/Info.plist;
				LD_RUNPATH_SEARCH_PATHS = "$(inherited) @executable_path/Frameworks";
				PRODUCT_BUNDLE_IDENTIFIER = "com.paggieli.-32817vocabulary";
				PRODUCT_NAME = "$(TARGET_NAME)";
				SWIFT_VERSION = 3.0;
			};
			name = Release;
		};
/* End XCBuildConfiguration section */

/* Begin XCConfigurationList section */
		843459741E8A8124008ADCB9 /* Build configuration list for PBXProject "032817vocabulary" */ = {
			isa = XCConfigurationList;
			buildConfigurations = (
				8434598C1E8A8124008ADCB9 /* Debug */,
				8434598D1E8A8124008ADCB9 /* Release */,
			);
			defaultConfigurationIsVisible = 0;
			defaultConfigurationName = Release;
		};
		8434598E1E8A8124008ADCB9 /* Build configuration list for PBXNativeTarget "032817vocabulary" */ = {
			isa = XCConfigurationList;
			buildConfigurations = (
				8434598F1E8A8124008ADCB9 /* Debug */,
				843459901E8A8124008ADCB9 /* Release */,
			);
			defaultConfigurationIsVisible = 0;
			defaultConfigurationName = Release;
		};
/* End XCConfigurationList section */

/* Begin XCVersionGroup section */
		843459831E8A8124008ADCB9 /* _32817vocabulary.xcdatamodeld */ = {
			isa = XCVersionGroup;
			children = (
				843459841E8A8124008ADCB9 /* _32817vocabulary.xcdatamodel */,
			);
			currentVersion = 843459841E8A8124008ADCB9 /* _32817vocabulary.xcdatamodel */;
			path = _32817vocabulary.xcdatamodeld;
			sourceTree = "<group>";
			versionGroupType = wrapper.xcdatamodel;
		};
/* End XCVersionGroup section */
	};
	rootObject = 843459711E8A8124008ADCB9 /* Project object */;
}
